{
  "name": "wwwroot",
  "version": "1.0.0",
  "lockfileVersion": 1,
  "requires": true,
  "dependencies": {
    "@aspnet/signalr": {
      "version": "1.0.2",
      "resolved": "https://registry.npmjs.org/@aspnet/signalr/-/signalr-1.0.2.tgz",
      "integrity": "sha512-sXleqUCCbodCOqUA8MjLSvtAgDTvDhEq6j3JyAq/w4RMJhpZ+dXK9+6xEMbzag2hisq5e/8vDC82JYutkcOISQ=="
    },
    "jquery": {
      "version": "3.3.1",
      "resolved": "https://registry.npmjs.org/jquery/-/jquery-3.3.1.tgz",
      "integrity": "sha512-Ubldcmxp5np52/ENotGxlLe6aGMvmF4R8S6tZjsP6Knsaxd/xp3Zrh50cG93lR6nPXyUFwzN3ZSOQI0wRJNdGg=="
    },
    "ms-signalr-client-jquery-3": {
      "version": "2.2.10",
      "resolved": "https://registry.npmjs.org/ms-signalr-client-jquery-3/-/ms-signalr-client-jquery-3-2.2.10.tgz",
      "integrity": "sha512-vr0O7OzRqwgn3njQIaTwe007If637atLzpIDdqREQsQ27Z/8DxpUs1Itj1bdtLTgk/P7R3wmI3BobFmiwa/liQ==",
      "requires": {
        "jquery": "3.3.1"
      }
    }
  }
}
