
Microsoft Visual Studio Solution File, Format Version 12.00
# Visual Studio 15
VisualStudioVersion = 15.0.27703.2018
MinimumVisualStudioVersion = 10.0.40219.1
Project("{2150E333-8FDC-42A3-9474-1A3956D46DE8}") = "src", "src", "{B32F8347-9FEC-4B20-8694-7E5B79B63BD6}"
EndProject
Project("{FAE04EC0-301F-11D3-BF4B-00C04F79EFBC}") = "GPS.Gateway.JT808SuperSocketServer", "GPS.Gateway.JT808SuperSocketServer\GPS.Gateway.JT808SuperSocketServer.csproj", "{3E4277B0-BE82-4E82-9323-9D7AD9D9C2DA}"
EndProject
Project("{9A19103F-16F7-4668-BE54-9A1E7A4F7556}") = "JT808.MsgIdExtensions", "JT808.MsgIdExtensions\JT808.MsgIdExtensions.csproj", "{E2C3514D-EDBD-49D0-B172-423337227CC2}"
EndProject
Project("{9A19103F-16F7-4668-BE54-9A1E7A4F7556}") = "JT808.MsgId0x0200Service", "JT808.Service\JT808.MsgId0x0200Service\JT808.MsgId0x0200Service.csproj", "{5FBD577A-7755-47A3-9347-22E6FB54DCD4}"
EndProject
Project("{2150E333-8FDC-42A3-9474-1A3956D46DE8}") = "JT808Service", "JT808Service", "{F9D1A244-DB62-4020-B14A-EB8AF9BFD19C}"
EndProject
Project("{9A19103F-16F7-4668-BE54-9A1E7A4F7556}") = "JT808.Protocol", "JT808.Protocol\JT808.Protocol.csproj", "{0EB9471E-C040-4EF0-BBDF-239F04736612}"
EndProject
Project("{9A19103F-16F7-4668-BE54-9A1E7A4F7556}") = "JT808.Protocol.Test", "JT808.Protocol.Test\JT808.Protocol.Test.csproj", "{FACDEDF8-B31D-4101-96CF-879DC1E35096}"
EndProject
Project("{FAE04EC0-301F-11D3-BF4B-00C04F79EFBC}") = "JT808.MsgId0x0200WebSocket", "JT808.Service\JT808.MsgId0x0200WebSocket\JT808.MsgId0x0200WebSocket.csproj", "{0AEA5CFA-496A-4A40-BD53-CE84E2FE3466}"
EndProject
Global
	GlobalSection(SolutionConfigurationPlatforms) = preSolution
		Debug|Any CPU = Debug|Any CPU
		Release|Any CPU = Release|Any CPU
	EndGlobalSection
	GlobalSection(ProjectConfigurationPlatforms) = postSolution
		{3E4277B0-BE82-4E82-9323-9D7AD9D9C2DA}.Debug|Any CPU.ActiveCfg = Debug|Any CPU
		{3E4277B0-BE82-4E82-9323-9D7AD9D9C2DA}.Debug|Any CPU.Build.0 = Debug|Any CPU
		{3E4277B0-BE82-4E82-9323-9D7AD9D9C2DA}.Release|Any CPU.ActiveCfg = Release|Any CPU
		{3E4277B0-BE82-4E82-9323-9D7AD9D9C2DA}.Release|Any CPU.Build.0 = Release|Any CPU
		{E2C3514D-EDBD-49D0-B172-423337227CC2}.Debug|Any CPU.ActiveCfg = Debug|Any CPU
		{E2C3514D-EDBD-49D0-B172-423337227CC2}.Debug|Any CPU.Build.0 = Debug|Any CPU
		{E2C3514D-EDBD-49D0-B172-423337227CC2}.Release|Any CPU.ActiveCfg = Release|Any CPU
		{E2C3514D-EDBD-49D0-B172-423337227CC2}.Release|Any CPU.Build.0 = Release|Any CPU
		{5FBD577A-7755-47A3-9347-22E6FB54DCD4}.Debug|Any CPU.ActiveCfg = Debug|Any CPU
		{5FBD577A-7755-47A3-9347-22E6FB54DCD4}.Debug|Any CPU.Build.0 = Debug|Any CPU
		{5FBD577A-7755-47A3-9347-22E6FB54DCD4}.Release|Any CPU.ActiveCfg = Release|Any CPU
		{5FBD577A-7755-47A3-9347-22E6FB54DCD4}.Release|Any CPU.Build.0 = Release|Any CPU
		{0EB9471E-C040-4EF0-BBDF-239F04736612}.Debug|Any CPU.ActiveCfg = Debug|Any CPU
		{0EB9471E-C040-4EF0-BBDF-239F04736612}.Debug|Any CPU.Build.0 = Debug|Any CPU
		{0EB9471E-C040-4EF0-BBDF-239F04736612}.Release|Any CPU.ActiveCfg = Release|Any CPU
		{0EB9471E-C040-4EF0-BBDF-239F04736612}.Release|Any CPU.Build.0 = Release|Any CPU
		{FACDEDF8-B31D-4101-96CF-879DC1E35096}.Debug|Any CPU.ActiveCfg = Debug|Any CPU
		{FACDEDF8-B31D-4101-96CF-879DC1E35096}.Debug|Any CPU.Build.0 = Debug|Any CPU
		{FACDEDF8-B31D-4101-96CF-879DC1E35096}.Release|Any CPU.ActiveCfg = Release|Any CPU
		{FACDEDF8-B31D-4101-96CF-879DC1E35096}.Release|Any CPU.Build.0 = Release|Any CPU
		{0AEA5CFA-496A-4A40-BD53-CE84E2FE3466}.Debug|Any CPU.ActiveCfg = Debug|Any CPU
		{0AEA5CFA-496A-4A40-BD53-CE84E2FE3466}.Debug|Any CPU.Build.0 = Debug|Any CPU
		{0AEA5CFA-496A-4A40-BD53-CE84E2FE3466}.Release|Any CPU.ActiveCfg = Release|Any CPU
		{0AEA5CFA-496A-4A40-BD53-CE84E2FE3466}.Release|Any CPU.Build.0 = Release|Any CPU
	EndGlobalSection
	GlobalSection(SolutionProperties) = preSolution
		HideSolutionNode = FALSE
	EndGlobalSection
	GlobalSection(NestedProjects) = preSolution
		{E2C3514D-EDBD-49D0-B172-423337227CC2} = {B32F8347-9FEC-4B20-8694-7E5B79B63BD6}
		{5FBD577A-7755-47A3-9347-22E6FB54DCD4} = {F9D1A244-DB62-4020-B14A-EB8AF9BFD19C}
		{F9D1A244-DB62-4020-B14A-EB8AF9BFD19C} = {B32F8347-9FEC-4B20-8694-7E5B79B63BD6}
		{0EB9471E-C040-4EF0-BBDF-239F04736612} = {B32F8347-9FEC-4B20-8694-7E5B79B63BD6}
		{FACDEDF8-B31D-4101-96CF-879DC1E35096} = {B32F8347-9FEC-4B20-8694-7E5B79B63BD6}
		{0AEA5CFA-496A-4A40-BD53-CE84E2FE3466} = {F9D1A244-DB62-4020-B14A-EB8AF9BFD19C}
	EndGlobalSection
	GlobalSection(ExtensibilityGlobals) = postSolution
		SolutionGuid = {674FDCF4-E328-4682-90DC-B72901077006}
	EndGlobalSection
EndGlobal
