
Microsoft Visual Studio Solution File, Format Version 12.00
# Visual Studio 15
VisualStudioVersion = 15.0.28010.2016
MinimumVisualStudioVersion = 10.0.40219.1
Project("{9A19103F-16F7-4668-BE54-9A1E7A4F7556}") = "JT808.WebSocketServer", "JT808.Servers\JT808.WebSocketServer\JT808.WebSocketServer.csproj", "{3C3F9F71-A97A-4662-8DD0-AF3953F0EF57}"
EndProject
Project("{9A19103F-16F7-4668-BE54-9A1E7A4F7556}") = "GPS.PubSub.Abstractions", "GPS.PubSub.Abstractions\GPS.PubSub.Abstractions.csproj", "{77208C14-CDB8-4BEB-882C-36E12C833FA2}"
EndProject
Project("{9A19103F-16F7-4668-BE54-9A1E7A4F7556}") = "GPS.JT808PubSubToKafka", "GPS.PubSubs\GPS.JT808PubSubToKafka\GPS.JT808PubSubToKafka.csproj", "{8FD0FEF3-0C14-4B9F-8E8A-0B1A0A61BCCE}"
EndProject
Project("{9A19103F-16F7-4668-BE54-9A1E7A4F7556}") = "GPS.Dispatcher.Abstractions", "GPS.Dispatcher.Abstractions\GPS.Dispatcher.Abstractions.csproj", "{B41A19AD-06D3-4F96-AF4F-7E6417AD9528}"
EndProject
Project("{9A19103F-16F7-4668-BE54-9A1E7A4F7556}") = "JT808.Protocol", "JT808.Protocol\JT808.Protocol.csproj", "{5D8A3E4D-CFAB-4293-835F-69AF432ED222}"
EndProject
Global
	GlobalSection(SolutionConfigurationPlatforms) = preSolution
		Debug|Any CPU = Debug|Any CPU
		Release|Any CPU = Release|Any CPU
	EndGlobalSection
	GlobalSection(ProjectConfigurationPlatforms) = postSolution
		{3C3F9F71-A97A-4662-8DD0-AF3953F0EF57}.Debug|Any CPU.ActiveCfg = Debug|Any CPU
		{3C3F9F71-A97A-4662-8DD0-AF3953F0EF57}.Debug|Any CPU.Build.0 = Debug|Any CPU
		{3C3F9F71-A97A-4662-8DD0-AF3953F0EF57}.Release|Any CPU.ActiveCfg = Release|Any CPU
		{3C3F9F71-A97A-4662-8DD0-AF3953F0EF57}.Release|Any CPU.Build.0 = Release|Any CPU
		{77208C14-CDB8-4BEB-882C-36E12C833FA2}.Debug|Any CPU.ActiveCfg = Debug|Any CPU
		{77208C14-CDB8-4BEB-882C-36E12C833FA2}.Debug|Any CPU.Build.0 = Debug|Any CPU
		{77208C14-CDB8-4BEB-882C-36E12C833FA2}.Release|Any CPU.ActiveCfg = Release|Any CPU
		{77208C14-CDB8-4BEB-882C-36E12C833FA2}.Release|Any CPU.Build.0 = Release|Any CPU
		{8FD0FEF3-0C14-4B9F-8E8A-0B1A0A61BCCE}.Debug|Any CPU.ActiveCfg = Debug|Any CPU
		{8FD0FEF3-0C14-4B9F-8E8A-0B1A0A61BCCE}.Debug|Any CPU.Build.0 = Debug|Any CPU
		{8FD0FEF3-0C14-4B9F-8E8A-0B1A0A61BCCE}.Release|Any CPU.ActiveCfg = Release|Any CPU
		{8FD0FEF3-0C14-4B9F-8E8A-0B1A0A61BCCE}.Release|Any CPU.Build.0 = Release|Any CPU
		{B41A19AD-06D3-4F96-AF4F-7E6417AD9528}.Debug|Any CPU.ActiveCfg = Debug|Any CPU
		{B41A19AD-06D3-4F96-AF4F-7E6417AD9528}.Debug|Any CPU.Build.0 = Debug|Any CPU
		{B41A19AD-06D3-4F96-AF4F-7E6417AD9528}.Release|Any CPU.ActiveCfg = Release|Any CPU
		{B41A19AD-06D3-4F96-AF4F-7E6417AD9528}.Release|Any CPU.Build.0 = Release|Any CPU
		{5D8A3E4D-CFAB-4293-835F-69AF432ED222}.Debug|Any CPU.ActiveCfg = Debug|Any CPU
		{5D8A3E4D-CFAB-4293-835F-69AF432ED222}.Debug|Any CPU.Build.0 = Debug|Any CPU
		{5D8A3E4D-CFAB-4293-835F-69AF432ED222}.Release|Any CPU.ActiveCfg = Release|Any CPU
		{5D8A3E4D-CFAB-4293-835F-69AF432ED222}.Release|Any CPU.Build.0 = Release|Any CPU
	EndGlobalSection
	GlobalSection(SolutionProperties) = preSolution
		HideSolutionNode = FALSE
	EndGlobalSection
	GlobalSection(ExtensibilityGlobals) = postSolution
		SolutionGuid = {C5667972-044B-47A1-8AE1-FA3B917FEC3D}
	EndGlobalSection
EndGlobal
