
Microsoft Visual Studio Solution File, Format Version 12.00
# Visual Studio 15
VisualStudioVersion = 15.0.27703.2042
MinimumVisualStudioVersion = 10.0.40219.1
Project("{2150E333-8FDC-42A3-9474-1A3956D46DE8}") = "Protocol", "Protocol", "{ADEF6604-B6A8-46DB-8DE6-09E12472E0A1}"
EndProject
Project("{9A19103F-16F7-4668-BE54-9A1E7A4F7556}") = "JT808.Protocol", "JT808.Protocol\JT808.Protocol.csproj", "{309B2473-E438-4710-BFCB-A1EC17D2BBF1}"
EndProject
Project("{9A19103F-16F7-4668-BE54-9A1E7A4F7556}") = "JT808.Protocol.Test", "JT808.Protocol.Test\JT808.Protocol.Test.csproj", "{02C08549-F712-4CA5-B0E3-E31ABB1F7C7C}"
EndProject
Project("{9A19103F-16F7-4668-BE54-9A1E7A4F7556}") = "Protocol.Common", "Protocol.Common\Protocol.Common.csproj", "{701005E4-C253-4CAE-8D26-EA86B412B846}"
EndProject
Project("{FAE04EC0-301F-11D3-BF4B-00C04F79EFBC}") = "GPS.Gateway.JT808SuperSocketServer", "GPS.Gateway.JT808SuperSocketServer\GPS.Gateway.JT808SuperSocketServer.csproj", "{3E4277B0-BE82-4E82-9323-9D7AD9D9C2DA}"
EndProject
Global
	GlobalSection(SolutionConfigurationPlatforms) = preSolution
		Debug|Any CPU = Debug|Any CPU
		Release|Any CPU = Release|Any CPU
	EndGlobalSection
	GlobalSection(ProjectConfigurationPlatforms) = postSolution
		{309B2473-E438-4710-BFCB-A1EC17D2BBF1}.Debug|Any CPU.ActiveCfg = Debug|Any CPU
		{309B2473-E438-4710-BFCB-A1EC17D2BBF1}.Debug|Any CPU.Build.0 = Debug|Any CPU
		{309B2473-E438-4710-BFCB-A1EC17D2BBF1}.Release|Any CPU.ActiveCfg = Release|Any CPU
		{309B2473-E438-4710-BFCB-A1EC17D2BBF1}.Release|Any CPU.Build.0 = Release|Any CPU
		{02C08549-F712-4CA5-B0E3-E31ABB1F7C7C}.Debug|Any CPU.ActiveCfg = Debug|Any CPU
		{02C08549-F712-4CA5-B0E3-E31ABB1F7C7C}.Debug|Any CPU.Build.0 = Debug|Any CPU
		{02C08549-F712-4CA5-B0E3-E31ABB1F7C7C}.Release|Any CPU.ActiveCfg = Release|Any CPU
		{02C08549-F712-4CA5-B0E3-E31ABB1F7C7C}.Release|Any CPU.Build.0 = Release|Any CPU
		{701005E4-C253-4CAE-8D26-EA86B412B846}.Debug|Any CPU.ActiveCfg = Debug|Any CPU
		{701005E4-C253-4CAE-8D26-EA86B412B846}.Debug|Any CPU.Build.0 = Debug|Any CPU
		{701005E4-C253-4CAE-8D26-EA86B412B846}.Release|Any CPU.ActiveCfg = Release|Any CPU
		{701005E4-C253-4CAE-8D26-EA86B412B846}.Release|Any CPU.Build.0 = Release|Any CPU
		{3E4277B0-BE82-4E82-9323-9D7AD9D9C2DA}.Debug|Any CPU.ActiveCfg = Debug|Any CPU
		{3E4277B0-BE82-4E82-9323-9D7AD9D9C2DA}.Debug|Any CPU.Build.0 = Debug|Any CPU
		{3E4277B0-BE82-4E82-9323-9D7AD9D9C2DA}.Release|Any CPU.ActiveCfg = Release|Any CPU
		{3E4277B0-BE82-4E82-9323-9D7AD9D9C2DA}.Release|Any CPU.Build.0 = Release|Any CPU
	EndGlobalSection
	GlobalSection(SolutionProperties) = preSolution
		HideSolutionNode = FALSE
	EndGlobalSection
	GlobalSection(NestedProjects) = preSolution
		{309B2473-E438-4710-BFCB-A1EC17D2BBF1} = {ADEF6604-B6A8-46DB-8DE6-09E12472E0A1}
		{02C08549-F712-4CA5-B0E3-E31ABB1F7C7C} = {ADEF6604-B6A8-46DB-8DE6-09E12472E0A1}
		{701005E4-C253-4CAE-8D26-EA86B412B846} = {ADEF6604-B6A8-46DB-8DE6-09E12472E0A1}
	EndGlobalSection
	GlobalSection(ExtensibilityGlobals) = postSolution
		SolutionGuid = {AB7A9CBC-84F3-438B-9E03-842C48FA403F}
	EndGlobalSection
EndGlobal
